
Microsoft Visual Studio Solution File, Format Version 12.00
# Visual Studio Version 17
VisualStudioVersion = 17.5.33502.453
MinimumVisualStudioVersion = 10.0.40219.1
Project("{FAE04EC0-301F-11D3-BF4B-00C04F79EFBC}") = "srednia", "srednia.csproj", "{3C44F482-B40D-4556-95DA-28168D539CC0}"
EndProject
Global
	GlobalSection(SolutionConfigurationPlatforms) = preSolution
		Debug|Any CPU = Debug|Any CPU
		Release|Any CPU = Release|Any CPU
	EndGlobalSection
	GlobalSection(ProjectConfigurationPlatforms) = postSolution
		{3C44F482-B40D-4556-95DA-28168D539CC0}.Debug|Any CPU.ActiveCfg = Debug|Any CPU
		{3C44F482-B40D-4556-95DA-28168D539CC0}.Debug|Any CPU.Build.0 = Debug|Any CPU
		{3C44F482-B40D-4556-95DA-28168D539CC0}.Release|Any CPU.ActiveCfg = Release|Any CPU
		{3C44F482-B40D-4556-95DA-28168D539CC0}.Release|Any CPU.Build.0 = Release|Any CPU
	EndGlobalSection
	GlobalSection(SolutionProperties) = preSolution
		HideSolutionNode = FALSE
	EndGlobalSection
	GlobalSection(ExtensibilityGlobals) = postSolution
		SolutionGuid = {D24C3AF9-BDD1-4C6F-BCFB-89AE0051E78D}
	EndGlobalSection
EndGlobal
